
Microsoft Visual Studio Solution File, Format Version 12.00
# Visual Studio Version 17
VisualStudioVersion = 17.13.35913.81 d17.13
MinimumVisualStudioVersion = 10.0.40219.1
Project("{FAE04EC0-301F-11D3-BF4B-00C04F79EFBC}") = "ProyectoLote", "ProyectoLote\ProyectoLote.csproj", "{C5B4E2E7-0456-418B-8EF2-DA1E28996C0D}"
EndProject
Global
	GlobalSection(SolutionConfigurationPlatforms) = preSolution
		Debug|Any CPU = Debug|Any CPU
		Release|Any CPU = Release|Any CPU
	EndGlobalSection
	GlobalSection(ProjectConfigurationPlatforms) = postSolution
		{C5B4E2E7-0456-418B-8EF2-DA1E28996C0D}.Debug|Any CPU.ActiveCfg = Debug|Any CPU
		{C5B4E2E7-0456-418B-8EF2-DA1E28996C0D}.Debug|Any CPU.Build.0 = Debug|Any CPU
		{C5B4E2E7-0456-418B-8EF2-DA1E28996C0D}.Release|Any CPU.ActiveCfg = Release|Any CPU
		{C5B4E2E7-0456-418B-8EF2-DA1E28996C0D}.Release|Any CPU.Build.0 = Release|Any CPU
	EndGlobalSection
	GlobalSection(SolutionProperties) = preSolution
		HideSolutionNode = FALSE
	EndGlobalSection
	GlobalSection(ExtensibilityGlobals) = postSolution
		SolutionGuid = {220B822F-D384-4109-87FF-1B264657D559}
	EndGlobalSection
EndGlobal
